<?xml version="1.0" encoding="utf-8"?>
<Project ToolsVersion="4.0" xmlns="http://schemas.microsoft.com/developer/msbuild/2003">
  <ItemGroup>
    <ClCompile Include="example_cmdline_option.cpp" />
    <ClCompile Include="main.cpp" />
    <ClCompile Include="clib\cfg\cmdline.cpp" />
    <ClCompile Include="clib\ci\option.cpp" />
    <ClCompile Include="example_option_value.cpp" />
    <ClCompile Include="example_ini.cpp" />
    <ClCompile Include="clib\cfg\ini.cpp" />
    <ClCompile Include="clib\mt\threadpool.cpp" />
    <ClCompile Include="example_mempool_perf.cpp" />
    <ClCompile Include="example_threadpool.cpp" />
  </ItemGroup>
  <ItemGroup>
    <ClInclude Include="pch.h" />
    <ClInclude Include="clib\cfg\cmdline.h" />
    <ClInclude Include="clib\ci\chrono.h" />
    <ClInclude Include="clib\ci\option.h" />
    <ClInclude Include="clib\cfg\ini.h" />
    <ClInclude Include="clib\mt\threadpool.h" />
    <ClInclude Include="clib\mm\memcpy.h" />
    <ClInclude Include="clib\pch.h" />
    <ClInclude Include="clib\mm\mempool.h" />
  </ItemGroup>
  <ItemGroup>
    <None Include="config.sample" />
  </ItemGroup>
</Project>